
Microsoft Visual Studio Solution File, Format Version 12.00
# Visual Studio Version 17
VisualStudioVersion = 17.7.34024.191
MinimumVisualStudioVersion = 10.0.40219.1
Project("{FAE04EC0-301F-11D3-BF4B-00C04F79EFBC}") = "Proyecto 10", "Proyecto 10.csproj", "{B01FE764-011F-4403-B17A-3A86D71DB2FC}"
EndProject
Global
	GlobalSection(SolutionConfigurationPlatforms) = preSolution
		Debug|Any CPU = Debug|Any CPU
		Release|Any CPU = Release|Any CPU
	EndGlobalSection
	GlobalSection(ProjectConfigurationPlatforms) = postSolution
		{B01FE764-011F-4403-B17A-3A86D71DB2FC}.Debug|Any CPU.ActiveCfg = Debug|Any CPU
		{B01FE764-011F-4403-B17A-3A86D71DB2FC}.Debug|Any CPU.Build.0 = Debug|Any CPU
		{B01FE764-011F-4403-B17A-3A86D71DB2FC}.Release|Any CPU.ActiveCfg = Release|Any CPU
		{B01FE764-011F-4403-B17A-3A86D71DB2FC}.Release|Any CPU.Build.0 = Release|Any CPU
	EndGlobalSection
	GlobalSection(SolutionProperties) = preSolution
		HideSolutionNode = FALSE
	EndGlobalSection
	GlobalSection(ExtensibilityGlobals) = postSolution
		SolutionGuid = {26DEE715-CBAC-4A8D-AE11-781396493846}
	EndGlobalSection
EndGlobal
